# THIS IS AN AUTOGENERATED FILE. DO NOT EDIT THIS FILE DIRECTLY.
# yarn lockfile v1


asn1@^0.2.4:
  version "0.2.4"
  resolved "https://registry.yarnpkg.com/asn1/-/asn1-0.2.4.tgz#8d2475dfab553bb33e77b54e59e880bb8ce23136"
  integrity sha512-jxwzQpLQjSmWXgwaCZE9Nz+glAG01yF1QnWgbhGwHI5A6FRIEY6IVqtHhIepHqI7/kyEyQEagBC5mBEFlIYvdg==
  dependencies:
    safer-buffer "~2.1.0"

fucking-util-signature-uni@^1.2.0:
  version "1.2.0"
  resolved "https://registry.yarnpkg.com/fucking-util-signature-uni/-/fucking-util-signature-uni-1.2.0.tgz#52a49035ea28d9ed037b227c148f53857394c2ac"
  integrity sha512-Ookrp8Wi5JN+nvgdCDFe6QQ3+zBzd5Xn/1HdJoJCkPJVZwLW5P0Y19JidBJkyAd2tzMcxA5sVfKAHM/kdB4WJA==
  dependencies:
    js-md5 "^0.7.3"
    js-sha256 "^0.9.0"

fucking-util-signature@^1.1.6:
  version "1.1.6"
  resolved "https://registry.yarnpkg.com/fucking-util-signature/-/fucking-util-signature-1.1.6.tgz#538f9eea893ba90cb9593dda31527d01156f0dbb"
  integrity sha512-t4AdW+LwqtcjpSwqvzsaPn2UYjrUvP8cmEWWJAzLiRobnNAZNVKIZnXNF4XfG/z5WhaYeQbsCyDkUjmYMx5jXw==
  dependencies:
    js-md5 "^0.7.3"
    js-sha256 "^0.9.0"
    node-rsa "^1.0.5"

js-md5@^0.7.3:
  version "0.7.3"
  resolved "https://registry.yarnpkg.com/js-md5/-/js-md5-0.7.3.tgz#b4f2fbb0b327455f598d6727e38ec272cd09c3f2"
  integrity sha512-ZC41vPSTLKGwIRjqDh8DfXoCrdQIyBgspJVPXHBGu4nZlAEvG3nf+jO9avM9RmLiGakg7vz974ms99nEV0tmTQ==

js-sha256@^0.9.0:
  version "0.9.0"
  resolved "https://registry.yarnpkg.com/js-sha256/-/js-sha256-0.9.0.tgz#0b89ac166583e91ef9123644bd3c5334ce9d0966"
  integrity sha512-sga3MHh9sgQN2+pJ9VYZ+1LPwXOxuBJBA5nrR5/ofPfuiJBE2hnjsaN8se8JznOmGLN2p49Pe5U/ttafcs/apA==

node-rsa@^1.0.5:
  version "1.0.5"
  resolved "https://registry.yarnpkg.com/node-rsa/-/node-rsa-1.0.5.tgz#854dc1b275729d69bc25883f83ca80705db9262e"
  integrity sha512-9o51yfV167CtQANnuAf+5owNs7aIMsAKVLhNaKuRxihsUUnfoBMN5OTVOK/2mHSOWaWq9zZBiRM3bHORbTZqrg==
  dependencies:
    asn1 "^0.2.4"

safer-buffer@~2.1.0:
  version "2.1.2"
  resolved "https://registry.yarnpkg.com/safer-buffer/-/safer-buffer-2.1.2.tgz#44fa161b0187b9549dd84bb91802f9bd8385cd6a"
  integrity sha512-YZo3K82SD7Riyi0E1EQPojLz7kpepnSQI9IyPbHHg1XXXevb5dJI7tpyN2ADxGcQbHG7vcyRHk0cbwqcQriUtg==
